
Microsoft Visual Studio Solution File, Format Version 12.00
# Visual Studio Version 17
VisualStudioVersion = 17.3.32922.545
MinimumVisualStudioVersion = 10.0.40219.1
Project("{FAE04EC0-301F-11D3-BF4B-00C04F79EFBC}") = "Dominion", "Dominion\Dominion.csproj", "{70AFAE5F-32E7-40FA-98BA-67D2457A91F3}"
EndProject
Project("{2150E333-8FDC-42A3-9474-1A3956D46DE8}") = "Solution Items", "Solution Items", "{26522CED-9440-41BB-89D8-A0EB935E93C1}"
EndProject
Global
	GlobalSection(SolutionConfigurationPlatforms) = preSolution
		Debug|Any CPU = Debug|Any CPU
		Release|Any CPU = Release|Any CPU
	EndGlobalSection
	GlobalSection(ProjectConfigurationPlatforms) = postSolution
		{70AFAE5F-32E7-40FA-98BA-67D2457A91F3}.Debug|Any CPU.ActiveCfg = Debug|Any CPU
		{70AFAE5F-32E7-40FA-98BA-67D2457A91F3}.Debug|Any CPU.Build.0 = Debug|Any CPU
		{70AFAE5F-32E7-40FA-98BA-67D2457A91F3}.Release|Any CPU.ActiveCfg = Release|Any CPU
		{70AFAE5F-32E7-40FA-98BA-67D2457A91F3}.Release|Any CPU.Build.0 = Release|Any CPU
	EndGlobalSection
	GlobalSection(SolutionProperties) = preSolution
		HideSolutionNode = FALSE
	EndGlobalSection
	GlobalSection(ExtensibilityGlobals) = postSolution
		SolutionGuid = {6F76E3B1-18EB-4DD0-869C-C84398E84336}
	EndGlobalSection
EndGlobal
